
Microsoft Visual Studio Solution File, Format Version 12.00
# Visual Studio Version 17
VisualStudioVersion = 17.6.33723.286
MinimumVisualStudioVersion = 10.0.40219.1
Project("{FAE04EC0-301F-11D3-BF4B-00C04F79EFBC}") = "Reflection", "Reflection.csproj", "{991FEF3B-63C8-40A0-B15E-851D28608EF1}"
EndProject
Global
	GlobalSection(SolutionConfigurationPlatforms) = preSolution
		Debug|Any CPU = Debug|Any CPU
		Release|Any CPU = Release|Any CPU
	EndGlobalSection
	GlobalSection(ProjectConfigurationPlatforms) = postSolution
		{991FEF3B-63C8-40A0-B15E-851D28608EF1}.Debug|Any CPU.ActiveCfg = Debug|Any CPU
		{991FEF3B-63C8-40A0-B15E-851D28608EF1}.Debug|Any CPU.Build.0 = Debug|Any CPU
		{991FEF3B-63C8-40A0-B15E-851D28608EF1}.Release|Any CPU.ActiveCfg = Release|Any CPU
		{991FEF3B-63C8-40A0-B15E-851D28608EF1}.Release|Any CPU.Build.0 = Release|Any CPU
	EndGlobalSection
	GlobalSection(SolutionProperties) = preSolution
		HideSolutionNode = FALSE
	EndGlobalSection
	GlobalSection(ExtensibilityGlobals) = postSolution
		SolutionGuid = {0B6B2A87-67DB-4ED0-BA74-059E84870A6D}
	EndGlobalSection
EndGlobal
